
Microsoft Visual Studio Solution File, Format Version 9.00
# Visual Studio 2005
Project("{8BC9CEB8-8B4A-11D0-8D11-00A0C91BC942}") = "test_misc01", "test_misc01.vcproj", "{F7685C52-38AA-4920-A316-D837175485B6}"
	ProjectSection(WebsiteProperties) = preProject
		Debug.AspNetCompiler.Debug = "True"
		Release.AspNetCompiler.Debug = "False"
	EndProjectSection
EndProject
Global
	GlobalSection(SolutionConfigurationPlatforms) = preSolution
		Debug|Win32 = Debug|Win32
		Release|Win32 = Release|Win32
	EndGlobalSection
	GlobalSection(ProjectConfigurationPlatforms) = postSolution
		{F7685C52-38AA-4920-A316-D837175485B6}.Debug|Win32.ActiveCfg = Debug|Win32
		{F7685C52-38AA-4920-A316-D837175485B6}.Debug|Win32.Build.0 = Debug|Win32
		{F7685C52-38AA-4920-A316-D837175485B6}.Release|Win32.ActiveCfg = Release|Win32
		{F7685C52-38AA-4920-A316-D837175485B6}.Release|Win32.Build.0 = Release|Win32
	EndGlobalSection
	GlobalSection(SolutionProperties) = preSolution
		HideSolutionNode = FALSE
	EndGlobalSection
EndGlobal
