
Microsoft Visual Studio Solution File, Format Version 9.00
# Visual Studio 2005
Project("{8BC9CEB8-8B4A-11D0-8D11-00A0C91BC942}") = "test_misc02", "test_misc02.vcproj", "{70EF5583-2113-497C-9A8C-E972623C9BA4}"
EndProject
Global
	GlobalSection(SolutionConfigurationPlatforms) = preSolution
		Debug|Win32 = Debug|Win32
		Release|Win32 = Release|Win32
	EndGlobalSection
	GlobalSection(ProjectConfigurationPlatforms) = postSolution
		{70EF5583-2113-497C-9A8C-E972623C9BA4}.Debug|Win32.ActiveCfg = Debug|Win32
		{70EF5583-2113-497C-9A8C-E972623C9BA4}.Debug|Win32.Build.0 = Debug|Win32
		{70EF5583-2113-497C-9A8C-E972623C9BA4}.Release|Win32.ActiveCfg = Release|Win32
		{70EF5583-2113-497C-9A8C-E972623C9BA4}.Release|Win32.Build.0 = Release|Win32
	EndGlobalSection
	GlobalSection(SolutionProperties) = preSolution
		HideSolutionNode = FALSE
	EndGlobalSection
EndGlobal
