
Microsoft Visual Studio Solution File, Format Version 11.00
# Visual C++ Express 2010
Project("{8BC9CEB8-8B4A-11D0-8D11-00A0C91BC942}") = "test_misc01", "test_misc01.vcxproj", "{F7685C52-38AA-4920-A316-D837175485B6}"
	ProjectSection(WebsiteProperties) = preProject
		Debug.AspNetCompiler.Debug = "True"
		Release.AspNetCompiler.Debug = "False"
	EndProjectSection
EndProject
Project("{8BC9CEB8-8B4A-11D0-8D11-00A0C91BC942}") = "test_log", "test_log.vcxproj", "{0B06F89B-BA04-4CB5-BCBF-1387D1B0877B}"
	ProjectSection(WebsiteProperties) = preProject
		Debug.AspNetCompiler.Debug = "True"
		Release.AspNetCompiler.Debug = "False"
	EndProjectSection
EndProject
Project("{8BC9CEB8-8B4A-11D0-8D11-00A0C91BC942}") = "test_matrix", "test_matrix\test_matrix.vcxproj", "{E1A61FEE-4CB1-4422-9785-BCB535FDC6AB}"
	ProjectSection(WebsiteProperties) = preProject
		Debug.AspNetCompiler.Debug = "True"
		Release.AspNetCompiler.Debug = "False"
	EndProjectSection
EndProject
Project("{8BC9CEB8-8B4A-11D0-8D11-00A0C91BC942}") = "test_vector", "test_vector\test_vector.vcxproj", "{030667FF-6FDA-4EA4-B49B-8E865EB12215}"
	ProjectSection(WebsiteProperties) = preProject
		Debug.AspNetCompiler.Debug = "True"
		Release.AspNetCompiler.Debug = "False"
	EndProjectSection
EndProject
Global
	GlobalSection(SolutionConfigurationPlatforms) = preSolution
		Debug|Win32 = Debug|Win32
		Release|Win32 = Release|Win32
	EndGlobalSection
	GlobalSection(ProjectConfigurationPlatforms) = postSolution
		{F7685C52-38AA-4920-A316-D837175485B6}.Debug|Win32.ActiveCfg = Debug|Win32
		{F7685C52-38AA-4920-A316-D837175485B6}.Debug|Win32.Build.0 = Debug|Win32
		{F7685C52-38AA-4920-A316-D837175485B6}.Release|Win32.ActiveCfg = Release|Win32
		{F7685C52-38AA-4920-A316-D837175485B6}.Release|Win32.Build.0 = Release|Win32
		{0B06F89B-BA04-4CB5-BCBF-1387D1B0877B}.Debug|Win32.ActiveCfg = Debug|Win32
		{0B06F89B-BA04-4CB5-BCBF-1387D1B0877B}.Debug|Win32.Build.0 = Debug|Win32
		{0B06F89B-BA04-4CB5-BCBF-1387D1B0877B}.Release|Win32.ActiveCfg = Release|Win32
		{0B06F89B-BA04-4CB5-BCBF-1387D1B0877B}.Release|Win32.Build.0 = Release|Win32
		{E1A61FEE-4CB1-4422-9785-BCB535FDC6AB}.Debug|Win32.ActiveCfg = Debug|Win32
		{E1A61FEE-4CB1-4422-9785-BCB535FDC6AB}.Debug|Win32.Build.0 = Debug|Win32
		{E1A61FEE-4CB1-4422-9785-BCB535FDC6AB}.Release|Win32.ActiveCfg = Release|Win32
		{E1A61FEE-4CB1-4422-9785-BCB535FDC6AB}.Release|Win32.Build.0 = Release|Win32
		{030667FF-6FDA-4EA4-B49B-8E865EB12215}.Debug|Win32.ActiveCfg = Debug|Win32
		{030667FF-6FDA-4EA4-B49B-8E865EB12215}.Debug|Win32.Build.0 = Debug|Win32
		{030667FF-6FDA-4EA4-B49B-8E865EB12215}.Release|Win32.ActiveCfg = Release|Win32
		{030667FF-6FDA-4EA4-B49B-8E865EB12215}.Release|Win32.Build.0 = Release|Win32
	EndGlobalSection
	GlobalSection(SolutionProperties) = preSolution
		HideSolutionNode = FALSE
	EndGlobalSection
EndGlobal
